PODS:
  - Flutter (1.0.0)
  - youzan (0.0.1):
    - Flutter
    - YZAppSDK
  - YZAppSDK (7.1.12):
    - YZAppSDK/Base (= 7.1.12)
  - YZAppSDK/Base (7.1.12):
    - YZAppSDK/Core
  - YZAppSDK/Core (7.1.12)

DEPENDENCIES:
  - Flutter (from `Flutter`)
  - youzan (from `.symlinks/plugins/youzan/ios`)

SPEC REPOS:
  trunk:
    - YZAppSDK

EXTERNAL SOURCES:
  Flutter:
    :path: Flutter
  youzan:
    :path: ".symlinks/plugins/youzan/ios"

SPEC CHECKSUMS:
  Flutter: 50d75fe2f02b26cc09d224853bb45737f8b3214a
  youzan: 399fd1ab56bb511a9b2eb35f26cb6110debb09a8
  YZAppSDK: 20ed8dabf9f0eca3df8a049e3ca7dd4f6c7e6095

PODFILE CHECKSUM: f4adb7fb4ec6d42e259e34dd6390fe7bbd282ee9

COCOAPODS: 1.11.2
