PODS:
  - Flutter (1.0.0)
  - youzan (0.0.1):
    - Flutter
    - YZAppSDK
  - YZAppSDK (7.1.12):
    - YZAppSDK/Base (= 7.1.12)
  - YZAppSDK/Base (7.1.12):
    - YZAppSDK/Core
  - YZAppSDK/Core (7.1.12)

DEPENDENCIES:
  - Flutter (from `Flutter`)
  - youzan (from `.symlinks/plugins/youzan/ios`)

SPEC REPOS:
  trunk:
    - YZAppSDK

EXTERNAL SOURCES:
  Flutter:
    :path: Flutter
  youzan:
    :path: ".symlinks/plugins/youzan/ios"

SPEC CHECKSUMS:
  Flutter: f04841e97a9d0b0a8025694d0796dd46242b2854
  youzan: 399fd1ab56bb511a9b2eb35f26cb6110debb09a8
  YZAppSDK: 20ed8dabf9f0eca3df8a049e3ca7dd4f6c7e6095

PODFILE CHECKSUM: 951cebdfdc47feeabb50b31963763ab4ce958da6

COCOAPODS: 1.12.0
